
Microsoft Visual Studio Solution File, Format Version 12.00
# Visual Studio Version 17
VisualStudioVersion = 17.13.35931.197 d17.13
MinimumVisualStudioVersion = 10.0.40219.1
Project("{FAE04EC0-301F-11D3-BF4B-00C04F79EFBC}") = "MoveMenu", "MoveMenu\MoveMenu.csproj", "{90A1B7D3-06C0-4581-A61E-ABA3E6668003}"
EndProject
Global
	GlobalSection(SolutionConfigurationPlatforms) = preSolution
		Debug|Any CPU = Debug|Any CPU
		Release|Any CPU = Release|Any CPU
	EndGlobalSection
	GlobalSection(ProjectConfigurationPlatforms) = postSolution
		{90A1B7D3-06C0-4581-A61E-ABA3E6668003}.Debug|Any CPU.ActiveCfg = Debug|Any CPU
		{90A1B7D3-06C0-4581-A61E-ABA3E6668003}.Debug|Any CPU.Build.0 = Debug|Any CPU
		{90A1B7D3-06C0-4581-A61E-ABA3E6668003}.Release|Any CPU.ActiveCfg = Release|Any CPU
		{90A1B7D3-06C0-4581-A61E-ABA3E6668003}.Release|Any CPU.Build.0 = Release|Any CPU
	EndGlobalSection
	GlobalSection(SolutionProperties) = preSolution
		HideSolutionNode = FALSE
	EndGlobalSection
	GlobalSection(ExtensibilityGlobals) = postSolution
		SolutionGuid = {5E3B4769-8FB0-48BC-82D5-D7ABB0A985F1}
	EndGlobalSection
EndGlobal
